
Microsoft Visual Studio Solution File, Format Version 12.00
# Visual Studio Version 16
VisualStudioVersion = 16.0.30503.244
MinimumVisualStudioVersion = 10.0.40219.1
Project("{FAE04EC0-301F-11D3-BF4B-00C04F79EFBC}") = "PSI", "PSI.csproj", "{1884F622-05C0-44CF-9E47-2664EF7F63C1}"
EndProject
Project("{FAE04EC0-301F-11D3-BF4B-00C04F79EFBC}") = "GUI PSI", "..\GUI PSI\GUI PSI.csproj", "{9E46375A-473A-4C96-9FD5-73894271E6C5}"
EndProject
Project("{FAE04EC0-301F-11D3-BF4B-00C04F79EFBC}") = "PSI_Test", "..\PSI_Test\PSI_Test.csproj", "{4F1706E7-1933-4D3D-A6B6-05336207987C}"
EndProject
Global
	GlobalSection(SolutionConfigurationPlatforms) = preSolution
		Debug|Any CPU = Debug|Any CPU
		Release|Any CPU = Release|Any CPU
	EndGlobalSection
	GlobalSection(ProjectConfigurationPlatforms) = postSolution
		{1884F622-05C0-44CF-9E47-2664EF7F63C1}.Debug|Any CPU.ActiveCfg = Debug|Any CPU
		{1884F622-05C0-44CF-9E47-2664EF7F63C1}.Debug|Any CPU.Build.0 = Debug|Any CPU
		{1884F622-05C0-44CF-9E47-2664EF7F63C1}.Release|Any CPU.ActiveCfg = Release|Any CPU
		{1884F622-05C0-44CF-9E47-2664EF7F63C1}.Release|Any CPU.Build.0 = Release|Any CPU
		{9E46375A-473A-4C96-9FD5-73894271E6C5}.Debug|Any CPU.ActiveCfg = Debug|Any CPU
		{9E46375A-473A-4C96-9FD5-73894271E6C5}.Debug|Any CPU.Build.0 = Debug|Any CPU
		{9E46375A-473A-4C96-9FD5-73894271E6C5}.Release|Any CPU.ActiveCfg = Release|Any CPU
		{9E46375A-473A-4C96-9FD5-73894271E6C5}.Release|Any CPU.Build.0 = Release|Any CPU
		{4F1706E7-1933-4D3D-A6B6-05336207987C}.Debug|Any CPU.ActiveCfg = Debug|Any CPU
		{4F1706E7-1933-4D3D-A6B6-05336207987C}.Debug|Any CPU.Build.0 = Debug|Any CPU
		{4F1706E7-1933-4D3D-A6B6-05336207987C}.Release|Any CPU.ActiveCfg = Release|Any CPU
		{4F1706E7-1933-4D3D-A6B6-05336207987C}.Release|Any CPU.Build.0 = Release|Any CPU
	EndGlobalSection
	GlobalSection(SolutionProperties) = preSolution
		HideSolutionNode = FALSE
	EndGlobalSection
	GlobalSection(ExtensibilityGlobals) = postSolution
		SolutionGuid = {6685BB6B-B62D-4F2E-997D-E8E785D609B5}
	EndGlobalSection
EndGlobal
